
Microsoft Visual Studio Solution File, Format Version 12.00
# Visual Studio 2012
Project("{FAE04EC0-301F-11D3-BF4B-00C04F79EFBC}") = "VacationManager.Ui", "VacationManager.Ui\VacationManager.Ui.csproj", "{E17C8851-ACD2-41A3-88B4-0E7A146F91CA}"
EndProject
Project("{FAE04EC0-301F-11D3-BF4B-00C04F79EFBC}") = "VacationManager.Common", "VacationManager.Common\VacationManager.Common.csproj", "{17E37395-274B-4AC5-9601-1E4205C11457}"
EndProject
Project("{FAE04EC0-301F-11D3-BF4B-00C04F79EFBC}") = "VacationManager.Services", "VacationManager.Services\VacationManager.Services.csproj", "{4467E1C8-F646-4219-ACDC-9E7DCE254602}"
EndProject
Project("{2150E333-8FDC-42A3-9474-1A3956D46DE8}") = "SolutionItems", "SolutionItems", "{7283362D-B8A7-4EC8-B497-53BE49BF568A}"
	ProjectSection(SolutionItems) = preProject
		SolutionItems\SharedAssemblyInfo.cs = SolutionItems\SharedAssemblyInfo.cs
	EndProjectSection
EndProject
Project("{FAE04EC0-301F-11D3-BF4B-00C04F79EFBC}") = "VacationManager.Persistence", "VacationManager.Persistence\VacationManager.Persistence.csproj", "{6FBEF26B-37EC-4237-8D1A-37E6A1E7636C}"
EndProject
Project("{FAE04EC0-301F-11D3-BF4B-00C04F79EFBC}") = "VacationManager.Ui.Tests", "VacationManager.Ui.Tests\VacationManager.Ui.Tests.csproj", "{956E61B8-A63B-4216-B902-E5AF7F7BF337}"
EndProject
Project("{FAE04EC0-301F-11D3-BF4B-00C04F79EFBC}") = "VacationManager.Persistence.Tests", "VacationManager.Persistence.Tests\VacationManager.Persistence.Tests.csproj", "{1BF5B8D7-AA1C-4F69-96AE-1F291BC97D73}"
EndProject
Project("{FAE04EC0-301F-11D3-BF4B-00C04F79EFBC}") = "VacationManager.Host", "VacationManager.Host\VacationManager.Host.csproj", "{DDE39259-F560-4110-9604-419E3A78C9F8}"
EndProject
Project("{FAE04EC0-301F-11D3-BF4B-00C04F79EFBC}") = "VacationManager.IISHost", "VacationManager.IISHost\VacationManager.IISHost.csproj", "{922978F1-26A7-4924-90F2-5597145FF562}"
EndProject
Project("{FAE04EC0-301F-11D3-BF4B-00C04F79EFBC}") = "Vm.BusinessObjects", "Vm.BusinessObjects.Server\Vm.BusinessObjects.csproj", "{309A28DA-BD25-4B3D-A514-63DA6AA6B46B}"
EndProject
Project("{FAE04EC0-301F-11D3-BF4B-00C04F79EFBC}") = "Vm.BusinessObjects.Client", "Vm.BusinessObjects.Client\Vm.BusinessObjects.Client.csproj", "{B0922ECA-B8E6-461E-B9BE-2623E3EE0EC1}"
EndProject
Global
	GlobalSection(SolutionConfigurationPlatforms) = preSolution
		Debug|Any CPU = Debug|Any CPU
		Debug|Mixed Platforms = Debug|Mixed Platforms
		Debug|x86 = Debug|x86
		Release|Any CPU = Release|Any CPU
		Release|Mixed Platforms = Release|Mixed Platforms
		Release|x86 = Release|x86
	EndGlobalSection
	GlobalSection(ProjectConfigurationPlatforms) = postSolution
		{E17C8851-ACD2-41A3-88B4-0E7A146F91CA}.Debug|Any CPU.ActiveCfg = Debug|Any CPU
		{E17C8851-ACD2-41A3-88B4-0E7A146F91CA}.Debug|Any CPU.Build.0 = Debug|Any CPU
		{E17C8851-ACD2-41A3-88B4-0E7A146F91CA}.Debug|Mixed Platforms.ActiveCfg = Debug|Any CPU
		{E17C8851-ACD2-41A3-88B4-0E7A146F91CA}.Debug|Mixed Platforms.Build.0 = Debug|Any CPU
		{E17C8851-ACD2-41A3-88B4-0E7A146F91CA}.Debug|x86.ActiveCfg = Debug|Any CPU
		{E17C8851-ACD2-41A3-88B4-0E7A146F91CA}.Release|Any CPU.ActiveCfg = Release|Any CPU
		{E17C8851-ACD2-41A3-88B4-0E7A146F91CA}.Release|Any CPU.Build.0 = Release|Any CPU
		{E17C8851-ACD2-41A3-88B4-0E7A146F91CA}.Release|Mixed Platforms.ActiveCfg = Release|Any CPU
		{E17C8851-ACD2-41A3-88B4-0E7A146F91CA}.Release|Mixed Platforms.Build.0 = Release|Any CPU
		{E17C8851-ACD2-41A3-88B4-0E7A146F91CA}.Release|x86.ActiveCfg = Release|Any CPU
		{17E37395-274B-4AC5-9601-1E4205C11457}.Debug|Any CPU.ActiveCfg = Debug|Any CPU
		{17E37395-274B-4AC5-9601-1E4205C11457}.Debug|Any CPU.Build.0 = Debug|Any CPU
		{17E37395-274B-4AC5-9601-1E4205C11457}.Debug|Mixed Platforms.ActiveCfg = Debug|Any CPU
		{17E37395-274B-4AC5-9601-1E4205C11457}.Debug|Mixed Platforms.Build.0 = Debug|Any CPU
		{17E37395-274B-4AC5-9601-1E4205C11457}.Debug|x86.ActiveCfg = Debug|Any CPU
		{17E37395-274B-4AC5-9601-1E4205C11457}.Release|Any CPU.ActiveCfg = Release|Any CPU
		{17E37395-274B-4AC5-9601-1E4205C11457}.Release|Any CPU.Build.0 = Release|Any CPU
		{17E37395-274B-4AC5-9601-1E4205C11457}.Release|Mixed Platforms.ActiveCfg = Release|Any CPU
		{17E37395-274B-4AC5-9601-1E4205C11457}.Release|Mixed Platforms.Build.0 = Release|Any CPU
		{17E37395-274B-4AC5-9601-1E4205C11457}.Release|x86.ActiveCfg = Release|Any CPU
		{4467E1C8-F646-4219-ACDC-9E7DCE254602}.Debug|Any CPU.ActiveCfg = Debug|Any CPU
		{4467E1C8-F646-4219-ACDC-9E7DCE254602}.Debug|Any CPU.Build.0 = Debug|Any CPU
		{4467E1C8-F646-4219-ACDC-9E7DCE254602}.Debug|Mixed Platforms.ActiveCfg = Debug|Any CPU
		{4467E1C8-F646-4219-ACDC-9E7DCE254602}.Debug|Mixed Platforms.Build.0 = Debug|Any CPU
		{4467E1C8-F646-4219-ACDC-9E7DCE254602}.Debug|x86.ActiveCfg = Debug|Any CPU
		{4467E1C8-F646-4219-ACDC-9E7DCE254602}.Release|Any CPU.ActiveCfg = Release|Any CPU
		{4467E1C8-F646-4219-ACDC-9E7DCE254602}.Release|Any CPU.Build.0 = Release|Any CPU
		{4467E1C8-F646-4219-ACDC-9E7DCE254602}.Release|Mixed Platforms.ActiveCfg = Release|Any CPU
		{4467E1C8-F646-4219-ACDC-9E7DCE254602}.Release|Mixed Platforms.Build.0 = Release|Any CPU
		{4467E1C8-F646-4219-ACDC-9E7DCE254602}.Release|x86.ActiveCfg = Release|Any CPU
		{6FBEF26B-37EC-4237-8D1A-37E6A1E7636C}.Debug|Any CPU.ActiveCfg = Debug|Any CPU
		{6FBEF26B-37EC-4237-8D1A-37E6A1E7636C}.Debug|Any CPU.Build.0 = Debug|Any CPU
		{6FBEF26B-37EC-4237-8D1A-37E6A1E7636C}.Debug|Mixed Platforms.ActiveCfg = Debug|Any CPU
		{6FBEF26B-37EC-4237-8D1A-37E6A1E7636C}.Debug|Mixed Platforms.Build.0 = Debug|Any CPU
		{6FBEF26B-37EC-4237-8D1A-37E6A1E7636C}.Debug|x86.ActiveCfg = Debug|Any CPU
		{6FBEF26B-37EC-4237-8D1A-37E6A1E7636C}.Release|Any CPU.ActiveCfg = Release|Any CPU
		{6FBEF26B-37EC-4237-8D1A-37E6A1E7636C}.Release|Any CPU.Build.0 = Release|Any CPU
		{6FBEF26B-37EC-4237-8D1A-37E6A1E7636C}.Release|Mixed Platforms.ActiveCfg = Release|Any CPU
		{6FBEF26B-37EC-4237-8D1A-37E6A1E7636C}.Release|Mixed Platforms.Build.0 = Release|Any CPU
		{6FBEF26B-37EC-4237-8D1A-37E6A1E7636C}.Release|x86.ActiveCfg = Release|Any CPU
		{956E61B8-A63B-4216-B902-E5AF7F7BF337}.Debug|Any CPU.ActiveCfg = Debug|Any CPU
		{956E61B8-A63B-4216-B902-E5AF7F7BF337}.Debug|Any CPU.Build.0 = Debug|Any CPU
		{956E61B8-A63B-4216-B902-E5AF7F7BF337}.Debug|Mixed Platforms.ActiveCfg = Debug|Any CPU
		{956E61B8-A63B-4216-B902-E5AF7F7BF337}.Debug|Mixed Platforms.Build.0 = Debug|Any CPU
		{956E61B8-A63B-4216-B902-E5AF7F7BF337}.Debug|x86.ActiveCfg = Debug|Any CPU
		{956E61B8-A63B-4216-B902-E5AF7F7BF337}.Release|Any CPU.ActiveCfg = Release|Any CPU
		{956E61B8-A63B-4216-B902-E5AF7F7BF337}.Release|Any CPU.Build.0 = Release|Any CPU
		{956E61B8-A63B-4216-B902-E5AF7F7BF337}.Release|Mixed Platforms.ActiveCfg = Release|Any CPU
		{956E61B8-A63B-4216-B902-E5AF7F7BF337}.Release|Mixed Platforms.Build.0 = Release|Any CPU
		{956E61B8-A63B-4216-B902-E5AF7F7BF337}.Release|x86.ActiveCfg = Release|Any CPU
		{1BF5B8D7-AA1C-4F69-96AE-1F291BC97D73}.Debug|Any CPU.ActiveCfg = Debug|Any CPU
		{1BF5B8D7-AA1C-4F69-96AE-1F291BC97D73}.Debug|Any CPU.Build.0 = Debug|Any CPU
		{1BF5B8D7-AA1C-4F69-96AE-1F291BC97D73}.Debug|Mixed Platforms.ActiveCfg = Debug|Any CPU
		{1BF5B8D7-AA1C-4F69-96AE-1F291BC97D73}.Debug|Mixed Platforms.Build.0 = Debug|Any CPU
		{1BF5B8D7-AA1C-4F69-96AE-1F291BC97D73}.Debug|x86.ActiveCfg = Debug|Any CPU
		{1BF5B8D7-AA1C-4F69-96AE-1F291BC97D73}.Release|Any CPU.ActiveCfg = Release|Any CPU
		{1BF5B8D7-AA1C-4F69-96AE-1F291BC97D73}.Release|Any CPU.Build.0 = Release|Any CPU
		{1BF5B8D7-AA1C-4F69-96AE-1F291BC97D73}.Release|Mixed Platforms.ActiveCfg = Release|Any CPU
		{1BF5B8D7-AA1C-4F69-96AE-1F291BC97D73}.Release|Mixed Platforms.Build.0 = Release|Any CPU
		{1BF5B8D7-AA1C-4F69-96AE-1F291BC97D73}.Release|x86.ActiveCfg = Release|Any CPU
		{DDE39259-F560-4110-9604-419E3A78C9F8}.Debug|Any CPU.ActiveCfg = Debug|Any CPU
		{DDE39259-F560-4110-9604-419E3A78C9F8}.Debug|Any CPU.Build.0 = Debug|Any CPU
		{DDE39259-F560-4110-9604-419E3A78C9F8}.Debug|Mixed Platforms.ActiveCfg = Debug|Any CPU
		{DDE39259-F560-4110-9604-419E3A78C9F8}.Debug|Mixed Platforms.Build.0 = Debug|Any CPU
		{DDE39259-F560-4110-9604-419E3A78C9F8}.Debug|x86.ActiveCfg = Debug|Any CPU
		{DDE39259-F560-4110-9604-419E3A78C9F8}.Release|Any CPU.ActiveCfg = Release|Any CPU
		{DDE39259-F560-4110-9604-419E3A78C9F8}.Release|Any CPU.Build.0 = Release|Any CPU
		{DDE39259-F560-4110-9604-419E3A78C9F8}.Release|Mixed Platforms.ActiveCfg = Release|Any CPU
		{DDE39259-F560-4110-9604-419E3A78C9F8}.Release|Mixed Platforms.Build.0 = Release|Any CPU
		{DDE39259-F560-4110-9604-419E3A78C9F8}.Release|x86.ActiveCfg = Release|Any CPU
		{922978F1-26A7-4924-90F2-5597145FF562}.Debug|Any CPU.ActiveCfg = Debug|Any CPU
		{922978F1-26A7-4924-90F2-5597145FF562}.Debug|Any CPU.Build.0 = Debug|Any CPU
		{922978F1-26A7-4924-90F2-5597145FF562}.Debug|Mixed Platforms.ActiveCfg = Debug|Any CPU
		{922978F1-26A7-4924-90F2-5597145FF562}.Debug|Mixed Platforms.Build.0 = Debug|Any CPU
		{922978F1-26A7-4924-90F2-5597145FF562}.Debug|x86.ActiveCfg = Debug|Any CPU
		{922978F1-26A7-4924-90F2-5597145FF562}.Release|Any CPU.ActiveCfg = Release|Any CPU
		{922978F1-26A7-4924-90F2-5597145FF562}.Release|Any CPU.Build.0 = Release|Any CPU
		{922978F1-26A7-4924-90F2-5597145FF562}.Release|Mixed Platforms.ActiveCfg = Release|Any CPU
		{922978F1-26A7-4924-90F2-5597145FF562}.Release|Mixed Platforms.Build.0 = Release|Any CPU
		{922978F1-26A7-4924-90F2-5597145FF562}.Release|x86.ActiveCfg = Release|Any CPU
		{309A28DA-BD25-4B3D-A514-63DA6AA6B46B}.Debug|Any CPU.ActiveCfg = Debug|Any CPU
		{309A28DA-BD25-4B3D-A514-63DA6AA6B46B}.Debug|Any CPU.Build.0 = Debug|Any CPU
		{309A28DA-BD25-4B3D-A514-63DA6AA6B46B}.Debug|Mixed Platforms.ActiveCfg = Debug|Any CPU
		{309A28DA-BD25-4B3D-A514-63DA6AA6B46B}.Debug|Mixed Platforms.Build.0 = Debug|Any CPU
		{309A28DA-BD25-4B3D-A514-63DA6AA6B46B}.Debug|x86.ActiveCfg = Debug|Any CPU
		{309A28DA-BD25-4B3D-A514-63DA6AA6B46B}.Release|Any CPU.ActiveCfg = Release|Any CPU
		{309A28DA-BD25-4B3D-A514-63DA6AA6B46B}.Release|Any CPU.Build.0 = Release|Any CPU
		{309A28DA-BD25-4B3D-A514-63DA6AA6B46B}.Release|Mixed Platforms.ActiveCfg = Release|Any CPU
		{309A28DA-BD25-4B3D-A514-63DA6AA6B46B}.Release|Mixed Platforms.Build.0 = Release|Any CPU
		{309A28DA-BD25-4B3D-A514-63DA6AA6B46B}.Release|x86.ActiveCfg = Release|Any CPU
		{B0922ECA-B8E6-461E-B9BE-2623E3EE0EC1}.Debug|Any CPU.ActiveCfg = Debug|Any CPU
		{B0922ECA-B8E6-461E-B9BE-2623E3EE0EC1}.Debug|Any CPU.Build.0 = Debug|Any CPU
		{B0922ECA-B8E6-461E-B9BE-2623E3EE0EC1}.Debug|Mixed Platforms.ActiveCfg = Debug|Any CPU
		{B0922ECA-B8E6-461E-B9BE-2623E3EE0EC1}.Debug|Mixed Platforms.Build.0 = Debug|Any CPU
		{B0922ECA-B8E6-461E-B9BE-2623E3EE0EC1}.Debug|x86.ActiveCfg = Debug|Any CPU
		{B0922ECA-B8E6-461E-B9BE-2623E3EE0EC1}.Release|Any CPU.ActiveCfg = Release|Any CPU
		{B0922ECA-B8E6-461E-B9BE-2623E3EE0EC1}.Release|Any CPU.Build.0 = Release|Any CPU
		{B0922ECA-B8E6-461E-B9BE-2623E3EE0EC1}.Release|Mixed Platforms.ActiveCfg = Release|Any CPU
		{B0922ECA-B8E6-461E-B9BE-2623E3EE0EC1}.Release|Mixed Platforms.Build.0 = Release|Any CPU
		{B0922ECA-B8E6-461E-B9BE-2623E3EE0EC1}.Release|x86.ActiveCfg = Release|Any CPU
	EndGlobalSection
	GlobalSection(SolutionProperties) = preSolution
		HideSolutionNode = FALSE
	EndGlobalSection
EndGlobal
